// !$*UTF8*$!
{
	archiveVersion = 1;
	classes = {
	};
	objectVersion = 50;
	objects = {

/* Begin PBXBuildFile section */
		3335ABFD28C9D31600651A8B /* Models.scnassets in Resources */ = {isa = PBXBuildFile; fileRef = 3335ABFC28C9D31600651A8B /* Models.scnassets */; };
		3382EAB228C79FD0002964AC /* IntroVC.swift in Sources */ = {isa = PBXBuildFile; fileRef = 3382EAB128C79FD0002964AC /* IntroVC.swift */; };
		3382EAB828C7A003002964AC /* Object3DVC.swift in Sources */ = {isa = PBXBuildFile; fileRef = 3382EAB728C7A003002964AC /* Object3DVC.swift */; };
		3382EAD828C7AAF3002964AC /* ARKit.framework in Frameworks */ = {isa = PBXBuildFile; fileRef = 3382EAD728C7AAF3002964AC /* ARKit.framework */; };
		33D622CE28C9E4F700827378 /* FocusSquareSegment.swift in Sources */ = {isa = PBXBuildFile; fileRef = 33D622CC28C9E4F700827378 /* FocusSquareSegment.swift */; };
		33D622CF28C9E4F700827378 /* FocusSquare.swift in Sources */ = {isa = PBXBuildFile; fileRef = 33D622CD28C9E4F700827378 /* FocusSquare.swift */; };
		33D622D628C9E50F00827378 /* Utilities.swift in Sources */ = {isa = PBXBuildFile; fileRef = 33D622D528C9E50E00827378 /* Utilities.swift */; };
		553366C62204898800A67647 /* SSDMobileNet_CoreMLTests.swift in Sources */ = {isa = PBXBuildFile; fileRef = 553366C52204898800A67647 /* SSDMobileNet_CoreMLTests.swift */; };
		553366CF220489DD00A67647 /* UIImage+CVPixelBuffer.swift in Sources */ = {isa = PBXBuildFile; fileRef = 553366CE220489DD00A67647 /* UIImage+CVPixelBuffer.swift */; };
		554F149C220362AB00B828B0 /* AppDelegate.swift in Sources */ = {isa = PBXBuildFile; fileRef = 554F149B220362AB00B828B0 /* AppDelegate.swift */; };
		554F149E220362AB00B828B0 /* Detect2DVC.swift in Sources */ = {isa = PBXBuildFile; fileRef = 554F149D220362AB00B828B0 /* Detect2DVC.swift */; };
		554F14A1220362AB00B828B0 /* Main.storyboard in Resources */ = {isa = PBXBuildFile; fileRef = 554F149F220362AB00B828B0 /* Main.storyboard */; };
		554F14A3220362AC00B828B0 /* Assets.xcassets in Resources */ = {isa = PBXBuildFile; fileRef = 554F14A2220362AC00B828B0 /* Assets.xcassets */; };
		554F14A6220362AC00B828B0 /* LaunchScreen.storyboard in Resources */ = {isa = PBXBuildFile; fileRef = 554F14A4220362AC00B828B0 /* LaunchScreen.storyboard */; };
		554F14AE220362DA00B828B0 /* VideoCapture.swift in Sources */ = {isa = PBXBuildFile; fileRef = 554F14AD220362DA00B828B0 /* VideoCapture.swift */; };
		558918ED2208218800F182BA /* DrawingBoundingBoxView.swift in Sources */ = {isa = PBXBuildFile; fileRef = 558918EC2208218800F182BA /* DrawingBoundingBoxView.swift */; };
		558918EF22089FFE00F182BA /* Measure.swift in Sources */ = {isa = PBXBuildFile; fileRef = 558918EE22089FFE00F182BA /* Measure.swift */; };
		715E7E6C2235DC75008DBC6F /* MobileNetV2_SSDLite.mlmodel in Sources */ = {isa = PBXBuildFile; fileRef = 715E7E6B2235DC75008DBC6F /* MobileNetV2_SSDLite.mlmodel */; };
		D842712428C831C100E27975 /* ObjectModel.swift in Sources */ = {isa = PBXBuildFile; fileRef = D842712328C831C100E27975 /* ObjectModel.swift */; };
		D842712828C831E800E27975 /* ListObjectCLTVC.swift in Sources */ = {isa = PBXBuildFile; fileRef = D842712628C831E800E27975 /* ListObjectCLTVC.swift */; };
		D842712928C831E800E27975 /* ListObjectCLTVC.xib in Resources */ = {isa = PBXBuildFile; fileRef = D842712728C831E800E27975 /* ListObjectCLTVC.xib */; };
		D84D01AB28CB443C001C8A8B /* candle_AO.png in Resources */ = {isa = PBXBuildFile; fileRef = D84D01A328CB443C001C8A8B /* candle_AO.png */; };
		D84D01AC28CB443C001C8A8B /* candle_METALLIC.png in Resources */ = {isa = PBXBuildFile; fileRef = D84D01A428CB443C001C8A8B /* candle_METALLIC.png */; };
		D84D01AD28CB443C001C8A8B /* flame_PARTICLE.png in Resources */ = {isa = PBXBuildFile; fileRef = D84D01A528CB443C001C8A8B /* flame_PARTICLE.png */; };
		D84D01AE28CB443C001C8A8B /* candle_DIFFUSE.png in Resources */ = {isa = PBXBuildFile; fileRef = D84D01A628CB443C001C8A8B /* candle_DIFFUSE.png */; };
		D84D01AF28CB443C001C8A8B /* candle_SHADOW.png in Resources */ = {isa = PBXBuildFile; fileRef = D84D01A728CB443C001C8A8B /* candle_SHADOW.png */; };
		D84D01B028CB443C001C8A8B /* candle_NORMAL.png in Resources */ = {isa = PBXBuildFile; fileRef = D84D01A828CB443C001C8A8B /* candle_NORMAL.png */; };
		D84D01B128CB443C001C8A8B /* candle_ROUGHNESS.png in Resources */ = {isa = PBXBuildFile; fileRef = D84D01A928CB443C001C8A8B /* candle_ROUGHNESS.png */; };
		D84D01B228CB443C001C8A8B /* candle.scn in Resources */ = {isa = PBXBuildFile; fileRef = D84D01AA28CB443C001C8A8B /* candle.scn */; };
		D84D01BC28CB44F0001C8A8B /* chair_METALLIC.png in Resources */ = {isa = PBXBuildFile; fileRef = D84D01B628CB44F0001C8A8B /* chair_METALLIC.png */; };
		D84D01BD28CB44F0001C8A8B /* chair_SHADOW.png in Resources */ = {isa = PBXBuildFile; fileRef = D84D01B728CB44F0001C8A8B /* chair_SHADOW.png */; };
		D84D01BE28CB44F0001C8A8B /* chair_ROUGHNESS.png in Resources */ = {isa = PBXBuildFile; fileRef = D84D01B828CB44F0001C8A8B /* chair_ROUGHNESS.png */; };
		D84D01BF28CB44F0001C8A8B /* chair_DIFFUSE.png in Resources */ = {isa = PBXBuildFile; fileRef = D84D01B928CB44F0001C8A8B /* chair_DIFFUSE.png */; };
		D84D01C028CB44F0001C8A8B /* chair_NORMAL.png in Resources */ = {isa = PBXBuildFile; fileRef = D84D01BA28CB44F0001C8A8B /* chair_NORMAL.png */; };
		D84D01C128CB44F0001C8A8B /* chair.scn in Resources */ = {isa = PBXBuildFile; fileRef = D84D01BB28CB44F0001C8A8B /* chair.scn */; };
		D84D01CC28CB44F5001C8A8B /* cup_NORMAL.png in Resources */ = {isa = PBXBuildFile; fileRef = D84D01C428CB44F5001C8A8B /* cup_NORMAL.png */; };
		D84D01CD28CB44F5001C8A8B /* cup_steam_SPRITE.png in Resources */ = {isa = PBXBuildFile; fileRef = D84D01C528CB44F5001C8A8B /* cup_steam_SPRITE.png */; };
		D84D01CE28CB44F5001C8A8B /* cup_SHADOW.png in Resources */ = {isa = PBXBuildFile; fileRef = D84D01C628CB44F5001C8A8B /* cup_SHADOW.png */; };
		D84D01CF28CB44F5001C8A8B /* cup_ROUGHNESS.png in Resources */ = {isa = PBXBuildFile; fileRef = D84D01C728CB44F5001C8A8B /* cup_ROUGHNESS.png */; };
		D84D01D028CB44F5001C8A8B /* cup_DIFFUSE.png in Resources */ = {isa = PBXBuildFile; fileRef = D84D01C828CB44F5001C8A8B /* cup_DIFFUSE.png */; };
		D84D01D128CB44F5001C8A8B /* cup_METALLIC.png in Resources */ = {isa = PBXBuildFile; fileRef = D84D01C928CB44F5001C8A8B /* cup_METALLIC.png */; };
		D84D01D228CB44F5001C8A8B /* cup_AO.png in Resources */ = {isa = PBXBuildFile; fileRef = D84D01CA28CB44F5001C8A8B /* cup_AO.png */; };
		D84D01D328CB44F5001C8A8B /* cup.scn in Resources */ = {isa = PBXBuildFile; fileRef = D84D01CB28CB44F5001C8A8B /* cup.scn */; };
		D84D01DC28CB44FB001C8A8B /* lamp_NORMAL.png in Resources */ = {isa = PBXBuildFile; fileRef = D84D01D628CB44FB001C8A8B /* lamp_NORMAL.png */; };
		D84D01DD28CB44FB001C8A8B /* lamp_SHADOW.png in Resources */ = {isa = PBXBuildFile; fileRef = D84D01D728CB44FB001C8A8B /* lamp_SHADOW.png */; };
		D84D01DE28CB44FB001C8A8B /* lamp_METALLIC.png in Resources */ = {isa = PBXBuildFile; fileRef = D84D01D828CB44FB001C8A8B /* lamp_METALLIC.png */; };
		D84D01DF28CB44FB001C8A8B /* lamp_DIFFUSE.png in Resources */ = {isa = PBXBuildFile; fileRef = D84D01D928CB44FB001C8A8B /* lamp_DIFFUSE.png */; };
		D84D01E028CB44FB001C8A8B /* lamp_ROUGHNESS.png in Resources */ = {isa = PBXBuildFile; fileRef = D84D01DA28CB44FB001C8A8B /* lamp_ROUGHNESS.png */; };
		D84D01E128CB44FB001C8A8B /* lamp.scn in Resources */ = {isa = PBXBuildFile; fileRef = D84D01DB28CB44FB001C8A8B /* lamp.scn */; };
		D84D01E628CB4501001C8A8B /* painting_DIFFUSE.png in Resources */ = {isa = PBXBuildFile; fileRef = D84D01E428CB4501001C8A8B /* painting_DIFFUSE.png */; };
		D84D01E728CB4501001C8A8B /* painting.scn in Resources */ = {isa = PBXBuildFile; fileRef = D84D01E528CB4501001C8A8B /* painting.scn */; };
		D84D01F228CB4508001C8A8B /* vase_ROUGHNESS.png in Resources */ = {isa = PBXBuildFile; fileRef = D84D01EA28CB4508001C8A8B /* vase_ROUGHNESS.png */; };
		D84D01F328CB4508001C8A8B /* vase_AO.png in Resources */ = {isa = PBXBuildFile; fileRef = D84D01EB28CB4508001C8A8B /* vase_AO.png */; };
		D84D01F428CB4508001C8A8B /* vase_SHADOW.png in Resources */ = {isa = PBXBuildFile; fileRef = D84D01EC28CB4508001C8A8B /* vase_SHADOW.png */; };
		D84D01F528CB4508001C8A8B /* vase_METALLIC.png in Resources */ = {isa = PBXBuildFile; fileRef = D84D01ED28CB4508001C8A8B /* vase_METALLIC.png */; };
		D84D01F628CB4508001C8A8B /* vase_NORMAL.png in Resources */ = {isa = PBXBuildFile; fileRef = D84D01EE28CB4508001C8A8B /* vase_NORMAL.png */; };
		D84D01F728CB4508001C8A8B /* water_DIFFUSE.png in Resources */ = {isa = PBXBuildFile; fileRef = D84D01EF28CB4508001C8A8B /* water_DIFFUSE.png */; };
		D84D01F828CB4508001C8A8B /* vase_DIFFUSE.png in Resources */ = {isa = PBXBuildFile; fileRef = D84D01F028CB4508001C8A8B /* vase_DIFFUSE.png */; };
		D84D01F928CB4508001C8A8B /* vase.scn in Resources */ = {isa = PBXBuildFile; fileRef = D84D01F128CB4508001C8A8B /* vase.scn */; };
		D84D01FF28CB450C001C8A8B /* stickyNoteShadow_DIFFUSE.png in Resources */ = {isa = PBXBuildFile; fileRef = D84D01FC28CB450C001C8A8B /* stickyNoteShadow_DIFFUSE.png */; };
		D84D020028CB450C001C8A8B /* stickyNote_DIFFUSE.png in Resources */ = {isa = PBXBuildFile; fileRef = D84D01FD28CB450C001C8A8B /* stickyNote_DIFFUSE.png */; };
		D84D020128CB450C001C8A8B /* sticky note.scn in Resources */ = {isa = PBXBuildFile; fileRef = D84D01FE28CB450C001C8A8B /* sticky note.scn */; };
		D84D020628CB4611001C8A8B /* IronMan.obj in Resources */ = {isa = PBXBuildFile; fileRef = D84D020328CB4611001C8A8B /* IronMan.obj */; };
		D84D020728CB4611001C8A8B /* v1_0_IronManRigged.max in Resources */ = {isa = PBXBuildFile; fileRef = D84D020428CB4611001C8A8B /* v1_0_IronManRigged.max */; };
		D84D020828CB4611001C8A8B /* IronMan.mtl in Resources */ = {isa = PBXBuildFile; fileRef = D84D020528CB4611001C8A8B /* IronMan.mtl */; };
		D84D021328CB4618001C8A8B /* eb_house_plant_01.mtl in Resources */ = {isa = PBXBuildFile; fileRef = D84D020A28CB4618001C8A8B /* eb_house_plant_01.mtl */; };
		D84D021428CB4618001C8A8B /* eb_house_plant_01_n.tga in Resources */ = {isa = PBXBuildFile; fileRef = D84D020B28CB4618001C8A8B /* eb_house_plant_01_n.tga */; };
		D84D021528CB4618001C8A8B /* eb_house_plant_01_ren_01.jpg in Resources */ = {isa = PBXBuildFile; fileRef = D84D020C28CB4618001C8A8B /* eb_house_plant_01_ren_01.jpg */; };
		D84D021628CB4618001C8A8B /* eb_house_plant_01.fbx in Resources */ = {isa = PBXBuildFile; fileRef = D84D020D28CB4618001C8A8B /* eb_house_plant_01.fbx */; };
		D84D021728CB4618001C8A8B /* eb_house_plant_01_c.tga in Resources */ = {isa = PBXBuildFile; fileRef = D84D020E28CB4618001C8A8B /* eb_house_plant_01_c.tga */; };
		D84D021828CB4618001C8A8B /* READ_ME.txt in Resources */ = {isa = PBXBuildFile; fileRef = D84D020F28CB4618001C8A8B /* READ_ME.txt */; };
		D84D021928CB4618001C8A8B /* eb_house_plant_01.obj in Resources */ = {isa = PBXBuildFile; fileRef = D84D021028CB4618001C8A8B /* eb_house_plant_01.obj */; };
		D84D021A28CB4618001C8A8B /* eb_basic_material_setup.png in Resources */ = {isa = PBXBuildFile; fileRef = D84D021128CB4618001C8A8B /* eb_basic_material_setup.png */; };
		D84D021B28CB4618001C8A8B /* eb_house_plant_01_g.tga in Resources */ = {isa = PBXBuildFile; fileRef = D84D021228CB4618001C8A8B /* eb_house_plant_01_g.tga */; };
		D84D022628CB4621001C8A8B /* afrormosia-1_d.jpg in Resources */ = {isa = PBXBuildFile; fileRef = D84D021D28CB4621001C8A8B /* afrormosia-1_d.jpg */; };
		D84D022728CB4621001C8A8B /* Center Table.obj in Resources */ = {isa = PBXBuildFile; fileRef = D84D021E28CB4621001C8A8B /* Center Table.obj */; };
		D84D022828CB4621001C8A8B /* 005_wood_001_bump.jpg in Resources */ = {isa = PBXBuildFile; fileRef = D84D021F28CB4621001C8A8B /* 005_wood_001_bump.jpg */; };
		D84D022928CB4621001C8A8B /* Center Table.jpg in Resources */ = {isa = PBXBuildFile; fileRef = D84D022028CB4621001C8A8B /* Center Table.jpg */; };
		D84D022A28CB4621001C8A8B /* Cemter Table.max in Resources */ = {isa = PBXBuildFile; fileRef = D84D022128CB4621001C8A8B /* Cemter Table.max */; };
		D84D022B28CB4621001C8A8B /* 005_wood_001_color.jpg in Resources */ = {isa = PBXBuildFile; fileRef = D84D022228CB4621001C8A8B /* 005_wood_001_color.jpg */; };
		D84D022C28CB4621001C8A8B /* book_pages.png in Resources */ = {isa = PBXBuildFile; fileRef = D84D022328CB4621001C8A8B /* book_pages.png */; };
		D84D022D28CB4621001C8A8B /* mi_cov_ph.jpg in Resources */ = {isa = PBXBuildFile; fileRef = D84D022428CB4621001C8A8B /* mi_cov_ph.jpg */; };
		D84D022E28CB4621001C8A8B /* Center Table.mtl in Resources */ = {isa = PBXBuildFile; fileRef = D84D022528CB4621001C8A8B /* Center Table.mtl */; };
/* End PBXBuildFile section */

/* Begin PBXContainerItemProxy section */
		553366C82204898800A67647 /* PBXContainerItemProxy */ = {
			isa = PBXContainerItemProxy;
			containerPortal = 554F1490220362AB00B828B0 /* Project object */;
			proxyType = 1;
			remoteGlobalIDString = 554F1497220362AB00B828B0;
			remoteInfo = "SSDMobileNet-CoreML";
		};
/* End PBXContainerItemProxy section */

/* Begin PBXFileReference section */
		3335ABFC28C9D31600651A8B /* Models.scnassets */ = {isa = PBXFileReference; lastKnownFileType = wrapper.scnassets; path = Models.scnassets; sourceTree = "<group>"; };
		3382EAB128C79FD0002964AC /* IntroVC.swift */ = {isa = PBXFileReference; lastKnownFileType = sourcecode.swift; path = IntroVC.swift; sourceTree = "<group>"; };
		3382EAB728C7A003002964AC /* Object3DVC.swift */ = {isa = PBXFileReference; lastKnownFileType = sourcecode.swift; path = Object3DVC.swift; sourceTree = "<group>"; };
		3382EAD728C7AAF3002964AC /* ARKit.framework */ = {isa = PBXFileReference; lastKnownFileType = wrapper.framework; name = ARKit.framework; path = System/Library/Frameworks/ARKit.framework; sourceTree = SDKROOT; };
		33D622CC28C9E4F700827378 /* FocusSquareSegment.swift */ = {isa = PBXFileReference; lastKnownFileType = sourcecode.swift; path = FocusSquareSegment.swift; sourceTree = "<group>"; };
		33D622CD28C9E4F700827378 /* FocusSquare.swift */ = {isa = PBXFileReference; lastKnownFileType = sourcecode.swift; path = FocusSquare.swift; sourceTree = "<group>"; };
		33D622D528C9E50E00827378 /* Utilities.swift */ = {isa = PBXFileReference; lastKnownFileType = sourcecode.swift; path = Utilities.swift; sourceTree = "<group>"; };
		553366C32204898800A67647 /* ObjectDetection-CoreMLTests.xctest */ = {isa = PBXFileReference; explicitFileType = wrapper.cfbundle; includeInIndex = 0; path = "ObjectDetection-CoreMLTests.xctest"; sourceTree = BUILT_PRODUCTS_DIR; };
		553366C52204898800A67647 /* SSDMobileNet_CoreMLTests.swift */ = {isa = PBXFileReference; lastKnownFileType = sourcecode.swift; path = SSDMobileNet_CoreMLTests.swift; sourceTree = "<group>"; };
		553366C72204898800A67647 /* Info.plist */ = {isa = PBXFileReference; lastKnownFileType = text.plist.xml; path = Info.plist; sourceTree = "<group>"; };
		553366CE220489DD00A67647 /* UIImage+CVPixelBuffer.swift */ = {isa = PBXFileReference; fileEncoding = 4; lastKnownFileType = sourcecode.swift; path = "UIImage+CVPixelBuffer.swift"; sourceTree = "<group>"; };
		554F1498220362AB00B828B0 /* ObjectDetection-CoreML.app */ = {isa = PBXFileReference; explicitFileType = wrapper.application; includeInIndex = 0; path = "ObjectDetection-CoreML.app"; sourceTree = BUILT_PRODUCTS_DIR; };
		554F149B220362AB00B828B0 /* AppDelegate.swift */ = {isa = PBXFileReference; lastKnownFileType = sourcecode.swift; path = AppDelegate.swift; sourceTree = "<group>"; };
		554F149D220362AB00B828B0 /* Detect2DVC.swift */ = {isa = PBXFileReference; lastKnownFileType = sourcecode.swift; path = Detect2DVC.swift; sourceTree = "<group>"; };
		554F14A0220362AB00B828B0 /* Base */ = {isa = PBXFileReference; lastKnownFileType = file.storyboard; name = Base; path = Base.lproj/Main.storyboard; sourceTree = "<group>"; };
		554F14A2220362AC00B828B0 /* Assets.xcassets */ = {isa = PBXFileReference; lastKnownFileType = folder.assetcatalog; path = Assets.xcassets; sourceTree = "<group>"; };
		554F14A5220362AC00B828B0 /* Base */ = {isa = PBXFileReference; lastKnownFileType = file.storyboard; name = Base; path = Base.lproj/LaunchScreen.storyboard; sourceTree = "<group>"; };
		554F14A7220362AC00B828B0 /* Info.plist */ = {isa = PBXFileReference; lastKnownFileType = text.plist.xml; path = Info.plist; sourceTree = "<group>"; };
		554F14AD220362DA00B828B0 /* VideoCapture.swift */ = {isa = PBXFileReference; fileEncoding = 4; lastKnownFileType = sourcecode.swift; path = VideoCapture.swift; sourceTree = "<group>"; };
		558918EC2208218800F182BA /* DrawingBoundingBoxView.swift */ = {isa = PBXFileReference; lastKnownFileType = sourcecode.swift; path = DrawingBoundingBoxView.swift; sourceTree = "<group>"; };
		558918EE22089FFE00F182BA /* Measure.swift */ = {isa = PBXFileReference; fileEncoding = 4; lastKnownFileType = sourcecode.swift; path = Measure.swift; sourceTree = "<group>"; };
		715E7E6B2235DC75008DBC6F /* MobileNetV2_SSDLite.mlmodel */ = {isa = PBXFileReference; lastKnownFileType = file.mlmodel; path = MobileNetV2_SSDLite.mlmodel; sourceTree = "<group>"; };
		D842712328C831C100E27975 /* ObjectModel.swift */ = {isa = PBXFileReference; lastKnownFileType = sourcecode.swift; path = ObjectModel.swift; sourceTree = "<group>"; };
		D842712628C831E800E27975 /* ListObjectCLTVC.swift */ = {isa = PBXFileReference; lastKnownFileType = sourcecode.swift; path = ListObjectCLTVC.swift; sourceTree = "<group>"; };
		D842712728C831E800E27975 /* ListObjectCLTVC.xib */ = {isa = PBXFileReference; lastKnownFileType = file.xib; path = ListObjectCLTVC.xib; sourceTree = "<group>"; };
		D84D01A328CB443C001C8A8B /* candle_AO.png */ = {isa = PBXFileReference; lastKnownFileType = image.png; path = candle_AO.png; sourceTree = "<group>"; };
		D84D01A428CB443C001C8A8B /* candle_METALLIC.png */ = {isa = PBXFileReference; lastKnownFileType = image.png; path = candle_METALLIC.png; sourceTree = "<group>"; };
		D84D01A528CB443C001C8A8B /* flame_PARTICLE.png */ = {isa = PBXFileReference; lastKnownFileType = image.png; path = flame_PARTICLE.png; sourceTree = "<group>"; };
		D84D01A628CB443C001C8A8B /* candle_DIFFUSE.png */ = {isa = PBXFileReference; lastKnownFileType = image.png; path = candle_DIFFUSE.png; sourceTree = "<group>"; };
		D84D01A728CB443C001C8A8B /* candle_SHADOW.png */ = {isa = PBXFileReference; lastKnownFileType = image.png; path = candle_SHADOW.png; sourceTree = "<group>"; };
		D84D01A828CB443C001C8A8B /* candle_NORMAL.png */ = {isa = PBXFileReference; lastKnownFileType = image.png; path = candle_NORMAL.png; sourceTree = "<group>"; };
		D84D01A928CB443C001C8A8B /* candle_ROUGHNESS.png */ = {isa = PBXFileReference; lastKnownFileType = image.png; path = candle_ROUGHNESS.png; sourceTree = "<group>"; };
		D84D01AA28CB443C001C8A8B /* candle.scn */ = {isa = PBXFileReference; lastKnownFileType = file.bplist; path = candle.scn; sourceTree = "<group>"; };
		D84D01B628CB44F0001C8A8B /* chair_METALLIC.png */ = {isa = PBXFileReference; lastKnownFileType = image.png; path = chair_METALLIC.png; sourceTree = "<group>"; };
		D84D01B728CB44F0001C8A8B /* chair_SHADOW.png */ = {isa = PBXFileReference; lastKnownFileType = image.png; path = chair_SHADOW.png; sourceTree = "<group>"; };
		D84D01B828CB44F0001C8A8B /* chair_ROUGHNESS.png */ = {isa = PBXFileReference; lastKnownFileType = image.png; path = chair_ROUGHNESS.png; sourceTree = "<group>"; };
		D84D01B928CB44F0001C8A8B /* chair_DIFFUSE.png */ = {isa = PBXFileReference; lastKnownFileType = image.png; path = chair_DIFFUSE.png; sourceTree = "<group>"; };
		D84D01BA28CB44F0001C8A8B /* chair_NORMAL.png */ = {isa = PBXFileReference; lastKnownFileType = image.png; path = chair_NORMAL.png; sourceTree = "<group>"; };
		D84D01BB28CB44F0001C8A8B /* chair.scn */ = {isa = PBXFileReference; lastKnownFileType = file.bplist; path = chair.scn; sourceTree = "<group>"; };
		D84D01C428CB44F5001C8A8B /* cup_NORMAL.png */ = {isa = PBXFileReference; lastKnownFileType = image.png; path = cup_NORMAL.png; sourceTree = "<group>"; };
		D84D01C528CB44F5001C8A8B /* cup_steam_SPRITE.png */ = {isa = PBXFileReference; lastKnownFileType = image.png; path = cup_steam_SPRITE.png; sourceTree = "<group>"; };
		D84D01C628CB44F5001C8A8B /* cup_SHADOW.png */ = {isa = PBXFileReference; lastKnownFileType = image.png; path = cup_SHADOW.png; sourceTree = "<group>"; };
		D84D01C728CB44F5001C8A8B /* cup_ROUGHNESS.png */ = {isa = PBXFileReference; lastKnownFileType = image.png; path = cup_ROUGHNESS.png; sourceTree = "<group>"; };
		D84D01C828CB44F5001C8A8B /* cup_DIFFUSE.png */ = {isa = PBXFileReference; lastKnownFileType = image.png; path = cup_DIFFUSE.png; sourceTree = "<group>"; };
		D84D01C928CB44F5001C8A8B /* cup_METALLIC.png */ = {isa = PBXFileReference; lastKnownFileType = image.png; path = cup_METALLIC.png; sourceTree = "<group>"; };
		D84D01CA28CB44F5001C8A8B /* cup_AO.png */ = {isa = PBXFileReference; lastKnownFileType = image.png; path = cup_AO.png; sourceTree = "<group>"; };
		D84D01CB28CB44F5001C8A8B /* cup.scn */ = {isa = PBXFileReference; lastKnownFileType = file.bplist; path = cup.scn; sourceTree = "<group>"; };
		D84D01D628CB44FB001C8A8B /* lamp_NORMAL.png */ = {isa = PBXFileReference; lastKnownFileType = image.png; path = lamp_NORMAL.png; sourceTree = "<group>"; };
		D84D01D728CB44FB001C8A8B /* lamp_SHADOW.png */ = {isa = PBXFileReference; lastKnownFileType = image.png; path = lamp_SHADOW.png; sourceTree = "<group>"; };
		D84D01D828CB44FB001C8A8B /* lamp_METALLIC.png */ = {isa = PBXFileReference; lastKnownFileType = image.png; path = lamp_METALLIC.png; sourceTree = "<group>"; };
		D84D01D928CB44FB001C8A8B /* lamp_DIFFUSE.png */ = {isa = PBXFileReference; lastKnownFileType = image.png; path = lamp_DIFFUSE.png; sourceTree = "<group>"; };
		D84D01DA28CB44FB001C8A8B /* lamp_ROUGHNESS.png */ = {isa = PBXFileReference; lastKnownFileType = image.png; path = lamp_ROUGHNESS.png; sourceTree = "<group>"; };
		D84D01DB28CB44FB001C8A8B /* lamp.scn */ = {isa = PBXFileReference; lastKnownFileType = file.bplist; path = lamp.scn; sourceTree = "<group>"; };
		D84D01E428CB4501001C8A8B /* painting_DIFFUSE.png */ = {isa = PBXFileReference; lastKnownFileType = image.png; path = painting_DIFFUSE.png; sourceTree = "<group>"; };
		D84D01E528CB4501001C8A8B /* painting.scn */ = {isa = PBXFileReference; lastKnownFileType = file.bplist; path = painting.scn; sourceTree = "<group>"; };
		D84D01EA28CB4508001C8A8B /* vase_ROUGHNESS.png */ = {isa = PBXFileReference; lastKnownFileType = image.png; path = vase_ROUGHNESS.png; sourceTree = "<group>"; };
		D84D01EB28CB4508001C8A8B /* vase_AO.png */ = {isa = PBXFileReference; lastKnownFileType = image.png; path = vase_AO.png; sourceTree = "<group>"; };
		D84D01EC28CB4508001C8A8B /* vase_SHADOW.png */ = {isa = PBXFileReference; lastKnownFileType = image.png; path = vase_SHADOW.png; sourceTree = "<group>"; };
		D84D01ED28CB4508001C8A8B /* vase_METALLIC.png */ = {isa = PBXFileReference; lastKnownFileType = image.png; path = vase_METALLIC.png; sourceTree = "<group>"; };
		D84D01EE28CB4508001C8A8B /* vase_NORMAL.png */ = {isa = PBXFileReference; lastKnownFileType = image.png; path = vase_NORMAL.png; sourceTree = "<group>"; };
		D84D01EF28CB4508001C8A8B /* water_DIFFUSE.png */ = {isa = PBXFileReference; lastKnownFileType = image.png; path = water_DIFFUSE.png; sourceTree = "<group>"; };
		D84D01F028CB4508001C8A8B /* vase_DIFFUSE.png */ = {isa = PBXFileReference; lastKnownFileType = image.png; path = vase_DIFFUSE.png; sourceTree = "<group>"; };
		D84D01F128CB4508001C8A8B /* vase.scn */ = {isa = PBXFileReference; lastKnownFileType = file.bplist; path = vase.scn; sourceTree = "<group>"; };
		D84D01FC28CB450C001C8A8B /* stickyNoteShadow_DIFFUSE.png */ = {isa = PBXFileReference; lastKnownFileType = image.png; path = stickyNoteShadow_DIFFUSE.png; sourceTree = "<group>"; };
		D84D01FD28CB450C001C8A8B /* stickyNote_DIFFUSE.png */ = {isa = PBXFileReference; lastKnownFileType = image.png; path = stickyNote_DIFFUSE.png; sourceTree = "<group>"; };
		D84D01FE28CB450C001C8A8B /* sticky note.scn */ = {isa = PBXFileReference; lastKnownFileType = file.bplist; path = "sticky note.scn"; sourceTree = "<group>"; };
		D84D020328CB4611001C8A8B /* IronMan.obj */ = {isa = PBXFileReference; fileEncoding = 4; lastKnownFileType = text; path = IronMan.obj; sourceTree = "<group>"; };
		D84D020428CB4611001C8A8B /* v1_0_IronManRigged.max */ = {isa = PBXFileReference; lastKnownFileType = file; path = v1_0_IronManRigged.max; sourceTree = "<group>"; };
		D84D020528CB4611001C8A8B /* IronMan.mtl */ = {isa = PBXFileReference; fileEncoding = 4; lastKnownFileType = text; path = IronMan.mtl; sourceTree = "<group>"; };
		D84D020A28CB4618001C8A8B /* eb_house_plant_01.mtl */ = {isa = PBXFileReference; fileEncoding = 4; lastKnownFileType = text; path = eb_house_plant_01.mtl; sourceTree = "<group>"; };
		D84D020B28CB4618001C8A8B /* eb_house_plant_01_n.tga */ = {isa = PBXFileReference; lastKnownFileType = file; path = eb_house_plant_01_n.tga; sourceTree = "<group>"; };
		D84D020C28CB4618001C8A8B /* eb_house_plant_01_ren_01.jpg */ = {isa = PBXFileReference; lastKnownFileType = image.jpeg; path = eb_house_plant_01_ren_01.jpg; sourceTree = "<group>"; };
		D84D020D28CB4618001C8A8B /* eb_house_plant_01.fbx */ = {isa = PBXFileReference; lastKnownFileType = file; path = eb_house_plant_01.fbx; sourceTree = "<group>"; };
		D84D020E28CB4618001C8A8B /* eb_house_plant_01_c.tga */ = {isa = PBXFileReference; lastKnownFileType = file; path = eb_house_plant_01_c.tga; sourceTree = "<group>"; };
		D84D020F28CB4618001C8A8B /* READ_ME.txt */ = {isa = PBXFileReference; fileEncoding = 4; lastKnownFileType = text; path = READ_ME.txt; sourceTree = "<group>"; };
		D84D021028CB4618001C8A8B /* eb_house_plant_01.obj */ = {isa = PBXFileReference; fileEncoding = 4; lastKnownFileType = text; path = eb_house_plant_01.obj; sourceTree = "<group>"; };
		D84D021128CB4618001C8A8B /* eb_basic_material_setup.png */ = {isa = PBXFileReference; lastKnownFileType = image.png; path = eb_basic_material_setup.png; sourceTree = "<group>"; };
		D84D021228CB4618001C8A8B /* eb_house_plant_01_g.tga */ = {isa = PBXFileReference; lastKnownFileType = file; path = eb_house_plant_01_g.tga; sourceTree = "<group>"; };
		D84D021D28CB4621001C8A8B /* afrormosia-1_d.jpg */ = {isa = PBXFileReference; lastKnownFileType = image.jpeg; path = "afrormosia-1_d.jpg"; sourceTree = "<group>"; };
		D84D021E28CB4621001C8A8B /* Center Table.obj */ = {isa = PBXFileReference; fileEncoding = 4; lastKnownFileType = text; path = "Center Table.obj"; sourceTree = "<group>"; };
		D84D021F28CB4621001C8A8B /* 005_wood_001_bump.jpg */ = {isa = PBXFileReference; lastKnownFileType = image.jpeg; path = 005_wood_001_bump.jpg; sourceTree = "<group>"; };
		D84D022028CB4621001C8A8B /* Center Table.jpg */ = {isa = PBXFileReference; lastKnownFileType = image.jpeg; path = "Center Table.jpg"; sourceTree = "<group>"; };
		D84D022128CB4621001C8A8B /* Cemter Table.max */ = {isa = PBXFileReference; lastKnownFileType = file; path = "Cemter Table.max"; sourceTree = "<group>"; };
		D84D022228CB4621001C8A8B /* 005_wood_001_color.jpg */ = {isa = PBXFileReference; lastKnownFileType = image.jpeg; path = 005_wood_001_color.jpg; sourceTree = "<group>"; };
		D84D022328CB4621001C8A8B /* book_pages.png */ = {isa = PBXFileReference; lastKnownFileType = image.png; path = book_pages.png; sourceTree = "<group>"; };
		D84D022428CB4621001C8A8B /* mi_cov_ph.jpg */ = {isa = PBXFileReference; lastKnownFileType = image.jpeg; path = mi_cov_ph.jpg; sourceTree = "<group>"; };
		D84D022528CB4621001C8A8B /* Center Table.mtl */ = {isa = PBXFileReference; fileEncoding = 4; lastKnownFileType = text; path = "Center Table.mtl"; sourceTree = "<group>"; };
/* End PBXFileReference section */

/* Begin PBXFrameworksBuildPhase section */
		553366C02204898800A67647 /* Frameworks */ = {
			isa = PBXFrameworksBuildPhase;
			buildActionMask = 2147483647;
			files = (
			);
			runOnlyForDeploymentPostprocessing = 0;
		};
		554F1495220362AB00B828B0 /* Frameworks */ = {
			isa = PBXFrameworksBuildPhase;
			buildActionMask = 2147483647;
			files = (
				3382EAD828C7AAF3002964AC /* ARKit.framework in Frameworks */,
			);
			runOnlyForDeploymentPostprocessing = 0;
		};
/* End PBXFrameworksBuildPhase section */

/* Begin PBXGroup section */
		3382EAB028C79FB1002964AC /* 3D */ = {
			isa = PBXGroup;
			children = (
				33D622D428C9E50E00827378 /* Utilities */,
				33D622CB28C9E4F700827378 /* Focus Square */,
				D842712528C831CA00E27975 /* Cell */,
				3382EAB728C7A003002964AC /* Object3DVC.swift */,
				D842712328C831C100E27975 /* ObjectModel.swift */,
			);
			path = 3D;
			sourceTree = "<group>";
		};
		3382EAD628C7AAF3002964AC /* Frameworks */ = {
			isa = PBXGroup;
			children = (
				3382EAD728C7AAF3002964AC /* ARKit.framework */,
			);
			name = Frameworks;
			sourceTree = "<group>";
		};
		33D622C828C9E4E700827378 /* 2D */ = {
			isa = PBXGroup;
			children = (
				554F149D220362AB00B828B0 /* Detect2DVC.swift */,
				558918EC2208218800F182BA /* DrawingBoundingBoxView.swift */,
				71B8322322E2B0BC00207D05 /* ultils */,
				71B8322222E2B0B200207D05 /* mlmodel */,
			);
			path = 2D;
			sourceTree = "<group>";
		};
		33D622CB28C9E4F700827378 /* Focus Square */ = {
			isa = PBXGroup;
			children = (
				33D622CC28C9E4F700827378 /* FocusSquareSegment.swift */,
				33D622CD28C9E4F700827378 /* FocusSquare.swift */,
			);
			path = "Focus Square";
			sourceTree = "<group>";
		};
		33D622D428C9E50E00827378 /* Utilities */ = {
			isa = PBXGroup;
			children = (
				33D622D528C9E50E00827378 /* Utilities.swift */,
			);
			path = Utilities;
			sourceTree = "<group>";
		};
		553366C42204898800A67647 /* ObjectDetection-CoreMLTests */ = {
			isa = PBXGroup;
			children = (
				553366C52204898800A67647 /* SSDMobileNet_CoreMLTests.swift */,
				553366C72204898800A67647 /* Info.plist */,
			);
			path = "ObjectDetection-CoreMLTests";
			sourceTree = "<group>";
		};
		554F148F220362AB00B828B0 = {
			isa = PBXGroup;
			children = (
				554F149A220362AB00B828B0 /* ObjectDetection-CoreML */,
				553366C42204898800A67647 /* ObjectDetection-CoreMLTests */,
				554F1499220362AB00B828B0 /* Products */,
				3382EAD628C7AAF3002964AC /* Frameworks */,
			);
			sourceTree = "<group>";
		};
		554F1499220362AB00B828B0 /* Products */ = {
			isa = PBXGroup;
			children = (
				554F1498220362AB00B828B0 /* ObjectDetection-CoreML.app */,
				553366C32204898800A67647 /* ObjectDetection-CoreMLTests.xctest */,
			);
			name = Products;
			sourceTree = "<group>";
		};
		554F149A220362AB00B828B0 /* ObjectDetection-CoreML */ = {
			isa = PBXGroup;
			children = (
				3382EAB128C79FD0002964AC /* IntroVC.swift */,
				33D622C828C9E4E700827378 /* 2D */,
				3382EAB028C79FB1002964AC /* 3D */,
				554F149F220362AB00B828B0 /* Main.storyboard */,
				D84D01B328CB44CB001C8A8B /* Resource Models */,
				554F149B220362AB00B828B0 /* AppDelegate.swift */,
				554F14A2220362AC00B828B0 /* Assets.xcassets */,
				554F14A4220362AC00B828B0 /* LaunchScreen.storyboard */,
				554F14A7220362AC00B828B0 /* Info.plist */,
				3335ABFC28C9D31600651A8B /* Models.scnassets */,
			);
			path = "ObjectDetection-CoreML";
			sourceTree = "<group>";
		};
		71B8322222E2B0B200207D05 /* mlmodel */ = {
			isa = PBXGroup;
			children = (
				715E7E6B2235DC75008DBC6F /* MobileNetV2_SSDLite.mlmodel */,
			);
			path = mlmodel;
			sourceTree = "<group>";
		};
		71B8322322E2B0BC00207D05 /* ultils */ = {
			isa = PBXGroup;
			children = (
				553366CE220489DD00A67647 /* UIImage+CVPixelBuffer.swift */,
				554F14AD220362DA00B828B0 /* VideoCapture.swift */,
				558918EE22089FFE00F182BA /* Measure.swift */,
			);
			path = ultils;
			sourceTree = "<group>";
		};
		D842712528C831CA00E27975 /* Cell */ = {
			isa = PBXGroup;
			children = (
				D842712628C831E800E27975 /* ListObjectCLTVC.swift */,
				D842712728C831E800E27975 /* ListObjectCLTVC.xib */,
			);
			path = Cell;
			sourceTree = "<group>";
		};
		D84D01A128CB443C001C8A8B /* candle */ = {
			isa = PBXGroup;
			children = (
				D84D01A228CB443C001C8A8B /* textures */,
				D84D01AA28CB443C001C8A8B /* candle.scn */,
			);
			path = candle;
			sourceTree = "<group>";
		};
		D84D01A228CB443C001C8A8B /* textures */ = {
			isa = PBXGroup;
			children = (
				D84D01A328CB443C001C8A8B /* candle_AO.png */,
				D84D01A428CB443C001C8A8B /* candle_METALLIC.png */,
				D84D01A528CB443C001C8A8B /* flame_PARTICLE.png */,
				D84D01A628CB443C001C8A8B /* candle_DIFFUSE.png */,
				D84D01A728CB443C001C8A8B /* candle_SHADOW.png */,
				D84D01A828CB443C001C8A8B /* candle_NORMAL.png */,
				D84D01A928CB443C001C8A8B /* candle_ROUGHNESS.png */,
			);
			path = textures;
			sourceTree = "<group>";
		};
		D84D01B328CB44CB001C8A8B /* Resource Models */ = {
			isa = PBXGroup;
			children = (
				D84D021C28CB4621001C8A8B /* Center Table */,
				D84D020928CB4618001C8A8B /* eb_house_plant_01 */,
				D84D020228CB4611001C8A8B /* IronMan */,
				D84D01E828CB4508001C8A8B /* vase */,
				D84D01FA28CB450C001C8A8B /* sticky note */,
				D84D01E228CB4501001C8A8B /* painting */,
				D84D01D428CB44FB001C8A8B /* lamp */,
				D84D01B428CB44F0001C8A8B /* chair */,
				D84D01C228CB44F5001C8A8B /* cup */,
				D84D01A128CB443C001C8A8B /* candle */,
			);
			path = "Resource Models";
			sourceTree = "<group>";
		};
		D84D01B428CB44F0001C8A8B /* chair */ = {
			isa = PBXGroup;
			children = (
				D84D01B528CB44F0001C8A8B /* textures */,
				D84D01BB28CB44F0001C8A8B /* chair.scn */,
			);
			path = chair;
			sourceTree = "<group>";
		};
		D84D01B528CB44F0001C8A8B /* textures */ = {
			isa = PBXGroup;
			children = (
				D84D01B628CB44F0001C8A8B /* chair_METALLIC.png */,
				D84D01B728CB44F0001C8A8B /* chair_SHADOW.png */,
				D84D01B828CB44F0001C8A8B /* chair_ROUGHNESS.png */,
				D84D01B928CB44F0001C8A8B /* chair_DIFFUSE.png */,
				D84D01BA28CB44F0001C8A8B /* chair_NORMAL.png */,
			);
			path = textures;
			sourceTree = "<group>";
		};
		D84D01C228CB44F5001C8A8B /* cup */ = {
			isa = PBXGroup;
			children = (
				D84D01C328CB44F5001C8A8B /* textures */,
				D84D01CB28CB44F5001C8A8B /* cup.scn */,
			);
			path = cup;
			sourceTree = "<group>";
		};
		D84D01C328CB44F5001C8A8B /* textures */ = {
			isa = PBXGroup;
			children = (
				D84D01C428CB44F5001C8A8B /* cup_NORMAL.png */,
				D84D01C528CB44F5001C8A8B /* cup_steam_SPRITE.png */,
				D84D01C628CB44F5001C8A8B /* cup_SHADOW.png */,
				D84D01C728CB44F5001C8A8B /* cup_ROUGHNESS.png */,
				D84D01C828CB44F5001C8A8B /* cup_DIFFUSE.png */,
				D84D01C928CB44F5001C8A8B /* cup_METALLIC.png */,
				D84D01CA28CB44F5001C8A8B /* cup_AO.png */,
			);
			path = textures;
			sourceTree = "<group>";
		};
		D84D01D428CB44FB001C8A8B /* lamp */ = {
			isa = PBXGroup;
			children = (
				D84D01D528CB44FB001C8A8B /* textures */,
				D84D01DB28CB44FB001C8A8B /* lamp.scn */,
			);
			path = lamp;
			sourceTree = "<group>";
		};
		D84D01D528CB44FB001C8A8B /* textures */ = {
			isa = PBXGroup;
			children = (
				D84D01D628CB44FB001C8A8B /* lamp_NORMAL.png */,
				D84D01D728CB44FB001C8A8B /* lamp_SHADOW.png */,
				D84D01D828CB44FB001C8A8B /* lamp_METALLIC.png */,
				D84D01D928CB44FB001C8A8B /* lamp_DIFFUSE.png */,
				D84D01DA28CB44FB001C8A8B /* lamp_ROUGHNESS.png */,
			);
			path = textures;
			sourceTree = "<group>";
		};
		D84D01E228CB4501001C8A8B /* painting */ = {
			isa = PBXGroup;
			children = (
				D84D01E328CB4501001C8A8B /* textures */,
				D84D01E528CB4501001C8A8B /* painting.scn */,
			);
			path = painting;
			sourceTree = "<group>";
		};
		D84D01E328CB4501001C8A8B /* textures */ = {
			isa = PBXGroup;
			children = (
				D84D01E428CB4501001C8A8B /* painting_DIFFUSE.png */,
			);
			path = textures;
			sourceTree = "<group>";
		};
		D84D01E828CB4508001C8A8B /* vase */ = {
			isa = PBXGroup;
			children = (
				D84D01E928CB4508001C8A8B /* textures */,
				D84D01F128CB4508001C8A8B /* vase.scn */,
			);
			path = vase;
			sourceTree = "<group>";
		};
		D84D01E928CB4508001C8A8B /* textures */ = {
			isa = PBXGroup;
			children = (
				D84D01EA28CB4508001C8A8B /* vase_ROUGHNESS.png */,
				D84D01EB28CB4508001C8A8B /* vase_AO.png */,
				D84D01EC28CB4508001C8A8B /* vase_SHADOW.png */,
				D84D01ED28CB4508001C8A8B /* vase_METALLIC.png */,
				D84D01EE28CB4508001C8A8B /* vase_NORMAL.png */,
				D84D01EF28CB4508001C8A8B /* water_DIFFUSE.png */,
				D84D01F028CB4508001C8A8B /* vase_DIFFUSE.png */,
			);
			path = textures;
			sourceTree = "<group>";
		};
		D84D01FA28CB450C001C8A8B /* sticky note */ = {
			isa = PBXGroup;
			children = (
				D84D01FB28CB450C001C8A8B /* textures */,
				D84D01FE28CB450C001C8A8B /* sticky note.scn */,
			);
			path = "sticky note";
			sourceTree = "<group>";
		};
		D84D01FB28CB450C001C8A8B /* textures */ = {
			isa = PBXGroup;
			children = (
				D84D01FC28CB450C001C8A8B /* stickyNoteShadow_DIFFUSE.png */,
				D84D01FD28CB450C001C8A8B /* stickyNote_DIFFUSE.png */,
			);
			path = textures;
			sourceTree = "<group>";
		};
		D84D020228CB4611001C8A8B /* IronMan */ = {
			isa = PBXGroup;
			children = (
				D84D020328CB4611001C8A8B /* IronMan.obj */,
				D84D020428CB4611001C8A8B /* v1_0_IronManRigged.max */,
				D84D020528CB4611001C8A8B /* IronMan.mtl */,
			);
			path = IronMan;
			sourceTree = "<group>";
		};
		D84D020928CB4618001C8A8B /* eb_house_plant_01 */ = {
			isa = PBXGroup;
			children = (
				D84D020A28CB4618001C8A8B /* eb_house_plant_01.mtl */,
				D84D020B28CB4618001C8A8B /* eb_house_plant_01_n.tga */,
				D84D020C28CB4618001C8A8B /* eb_house_plant_01_ren_01.jpg */,
				D84D020D28CB4618001C8A8B /* eb_house_plant_01.fbx */,
				D84D020E28CB4618001C8A8B /* eb_house_plant_01_c.tga */,
				D84D020F28CB4618001C8A8B /* READ_ME.txt */,
				D84D021028CB4618001C8A8B /* eb_house_plant_01.obj */,
				D84D021128CB4618001C8A8B /* eb_basic_material_setup.png */,
				D84D021228CB4618001C8A8B /* eb_house_plant_01_g.tga */,
			);
			path = eb_house_plant_01;
			sourceTree = "<group>";
		};
		D84D021C28CB4621001C8A8B /* Center Table */ = {
			isa = PBXGroup;
			children = (
				D84D021D28CB4621001C8A8B /* afrormosia-1_d.jpg */,
				D84D021E28CB4621001C8A8B /* Center Table.obj */,
				D84D021F28CB4621001C8A8B /* 005_wood_001_bump.jpg */,
				D84D022028CB4621001C8A8B /* Center Table.jpg */,
				D84D022128CB4621001C8A8B /* Cemter Table.max */,
				D84D022228CB4621001C8A8B /* 005_wood_001_color.jpg */,
				D84D022328CB4621001C8A8B /* book_pages.png */,
				D84D022428CB4621001C8A8B /* mi_cov_ph.jpg */,
				D84D022528CB4621001C8A8B /* Center Table.mtl */,
			);
			path = "Center Table";
			sourceTree = "<group>";
		};
/* End PBXGroup section */

/* Begin PBXNativeTarget section */
		553366C22204898800A67647 /* ObjectDetection-CoreMLTests */ = {
			isa = PBXNativeTarget;
			buildConfigurationList = 553366CA2204898800A67647 /* Build configuration list for PBXNativeTarget "ObjectDetection-CoreMLTests" */;
			buildPhases = (
				553366BF2204898800A67647 /* Sources */,
				553366C02204898800A67647 /* Frameworks */,
				553366C12204898800A67647 /* Resources */,
			);
			buildRules = (
			);
			dependencies = (
				553366C92204898800A67647 /* PBXTargetDependency */,
			);
			name = "ObjectDetection-CoreMLTests";
			productName = "SSDMobileNet-CoreMLTests";
			productReference = 553366C32204898800A67647 /* ObjectDetection-CoreMLTests.xctest */;
			productType = "com.apple.product-type.bundle.unit-test";
		};
		554F1497220362AB00B828B0 /* ObjectDetection-CoreML */ = {
			isa = PBXNativeTarget;
			buildConfigurationList = 554F14AA220362AC00B828B0 /* Build configuration list for PBXNativeTarget "ObjectDetection-CoreML" */;
			buildPhases = (
				554F1494220362AB00B828B0 /* Sources */,
				554F1495220362AB00B828B0 /* Frameworks */,
				554F1496220362AB00B828B0 /* Resources */,
			);
			buildRules = (
			);
			dependencies = (
			);
			name = "ObjectDetection-CoreML";
			productName = "SSDMobileNet-CoreML";
			productReference = 554F1498220362AB00B828B0 /* ObjectDetection-CoreML.app */;
			productType = "com.apple.product-type.application";
		};
/* End PBXNativeTarget section */

/* Begin PBXProject section */
		554F1490220362AB00B828B0 /* Project object */ = {
			isa = PBXProject;
			attributes = {
				LastSwiftUpdateCheck = 1010;
				LastUpgradeCheck = 1010;
				ORGANIZATIONNAME = tucan9389;
				TargetAttributes = {
					553366C22204898800A67647 = {
						CreatedOnToolsVersion = 10.1;
						TestTargetID = 554F1497220362AB00B828B0;
					};
					554F1497220362AB00B828B0 = {
						CreatedOnToolsVersion = 10.1;
					};
				};
			};
			buildConfigurationList = 554F1493220362AB00B828B0 /* Build configuration list for PBXProject "ObjectDetection-CoreML" */;
			compatibilityVersion = "Xcode 9.3";
			developmentRegion = en;
			hasScannedForEncodings = 0;
			knownRegions = (
				en,
				Base,
			);
			mainGroup = 554F148F220362AB00B828B0;
			productRefGroup = 554F1499220362AB00B828B0 /* Products */;
			projectDirPath = "";
			projectRoot = "";
			targets = (
				554F1497220362AB00B828B0 /* ObjectDetection-CoreML */,
				553366C22204898800A67647 /* ObjectDetection-CoreMLTests */,
			);
		};
/* End PBXProject section */

/* Begin PBXResourcesBuildPhase section */
		553366C12204898800A67647 /* Resources */ = {
			isa = PBXResourcesBuildPhase;
			buildActionMask = 2147483647;
			files = (
			);
			runOnlyForDeploymentPostprocessing = 0;
		};
		554F1496220362AB00B828B0 /* Resources */ = {
			isa = PBXResourcesBuildPhase;
			buildActionMask = 2147483647;
			files = (
				D84D01DC28CB44FB001C8A8B /* lamp_NORMAL.png in Resources */,
				D84D022828CB4621001C8A8B /* 005_wood_001_bump.jpg in Resources */,
				D84D01D228CB44F5001C8A8B /* cup_AO.png in Resources */,
				D84D01D128CB44F5001C8A8B /* cup_METALLIC.png in Resources */,
				D84D01E728CB4501001C8A8B /* painting.scn in Resources */,
				D84D022628CB4621001C8A8B /* afrormosia-1_d.jpg in Resources */,
				D84D01AF28CB443C001C8A8B /* candle_SHADOW.png in Resources */,
				D84D020628CB4611001C8A8B /* IronMan.obj in Resources */,
				D84D022928CB4621001C8A8B /* Center Table.jpg in Resources */,
				D84D01E628CB4501001C8A8B /* painting_DIFFUSE.png in Resources */,
				D84D01AB28CB443C001C8A8B /* candle_AO.png in Resources */,
				D84D01F928CB4508001C8A8B /* vase.scn in Resources */,
				D84D022728CB4621001C8A8B /* Center Table.obj in Resources */,
				D84D01F828CB4508001C8A8B /* vase_DIFFUSE.png in Resources */,
				D84D01CD28CB44F5001C8A8B /* cup_steam_SPRITE.png in Resources */,
				D84D021B28CB4618001C8A8B /* eb_house_plant_01_g.tga in Resources */,
				D84D022E28CB4621001C8A8B /* Center Table.mtl in Resources */,
				D84D020128CB450C001C8A8B /* sticky note.scn in Resources */,
				D84D01B028CB443C001C8A8B /* candle_NORMAL.png in Resources */,
				D84D01F328CB4508001C8A8B /* vase_AO.png in Resources */,
				554F14A6220362AC00B828B0 /* LaunchScreen.storyboard in Resources */,
				D84D01AC28CB443C001C8A8B /* candle_METALLIC.png in Resources */,
				D84D01CE28CB44F5001C8A8B /* cup_SHADOW.png in Resources */,
				D84D01DD28CB44FB001C8A8B /* lamp_SHADOW.png in Resources */,
				D84D01D328CB44F5001C8A8B /* cup.scn in Resources */,
				D84D01F528CB4508001C8A8B /* vase_METALLIC.png in Resources */,
				D84D01E028CB44FB001C8A8B /* lamp_ROUGHNESS.png in Resources */,
				D84D01FF28CB450C001C8A8B /* stickyNoteShadow_DIFFUSE.png in Resources */,
				D84D021928CB4618001C8A8B /* eb_house_plant_01.obj in Resources */,
				D84D021828CB4618001C8A8B /* READ_ME.txt in Resources */,
				554F14A3220362AC00B828B0 /* Assets.xcassets in Resources */,
				D84D022A28CB4621001C8A8B /* Cemter Table.max in Resources */,
				D84D021528CB4618001C8A8B /* eb_house_plant_01_ren_01.jpg in Resources */,
				D84D022B28CB4621001C8A8B /* 005_wood_001_color.jpg in Resources */,
				3335ABFD28C9D31600651A8B /* Models.scnassets in Resources */,
				D84D01BF28CB44F0001C8A8B /* chair_DIFFUSE.png in Resources */,
				D84D01B228CB443C001C8A8B /* candle.scn in Resources */,
				D84D01F428CB4508001C8A8B /* vase_SHADOW.png in Resources */,
				D84D01E128CB44FB001C8A8B /* lamp.scn in Resources */,
				D84D01B128CB443C001C8A8B /* candle_ROUGHNESS.png in Resources */,
				D84D01DF28CB44FB001C8A8B /* lamp_DIFFUSE.png in Resources */,
				D84D01C128CB44F0001C8A8B /* chair.scn in Resources */,
				D84D01F728CB4508001C8A8B /* water_DIFFUSE.png in Resources */,
				D84D022D28CB4621001C8A8B /* mi_cov_ph.jpg in Resources */,
				D84D01DE28CB44FB001C8A8B /* lamp_METALLIC.png in Resources */,
				D84D021A28CB4618001C8A8B /* eb_basic_material_setup.png in Resources */,
				D84D01C028CB44F0001C8A8B /* chair_NORMAL.png in Resources */,
				D84D01BD28CB44F0001C8A8B /* chair_SHADOW.png in Resources */,
				D84D01D028CB44F5001C8A8B /* cup_DIFFUSE.png in Resources */,
				D84D021328CB4618001C8A8B /* eb_house_plant_01.mtl in Resources */,
				D84D01CC28CB44F5001C8A8B /* cup_NORMAL.png in Resources */,
				D84D020728CB4611001C8A8B /* v1_0_IronManRigged.max in Resources */,
				D84D020828CB4611001C8A8B /* IronMan.mtl in Resources */,
				D84D01BE28CB44F0001C8A8B /* chair_ROUGHNESS.png in Resources */,
				D84D021428CB4618001C8A8B /* eb_house_plant_01_n.tga in Resources */,
				D84D01AD28CB443C001C8A8B /* flame_PARTICLE.png in Resources */,
				D84D01F628CB4508001C8A8B /* vase_NORMAL.png in Resources */,
				D84D01BC28CB44F0001C8A8B /* chair_METALLIC.png in Resources */,
				554F14A1220362AB00B828B0 /* Main.storyboard in Resources */,
				D84D022C28CB4621001C8A8B /* book_pages.png in Resources */,
				D84D021728CB4618001C8A8B /* eb_house_plant_01_c.tga in Resources */,
				D84D01CF28CB44F5001C8A8B /* cup_ROUGHNESS.png in Resources */,
				D84D01F228CB4508001C8A8B /* vase_ROUGHNESS.png in Resources */,
				D84D021628CB4618001C8A8B /* eb_house_plant_01.fbx in Resources */,
				D84D01AE28CB443C001C8A8B /* candle_DIFFUSE.png in Resources */,
				D84D020028CB450C001C8A8B /* stickyNote_DIFFUSE.png in Resources */,
				D842712928C831E800E27975 /* ListObjectCLTVC.xib in Resources */,
			);
			runOnlyForDeploymentPostprocessing = 0;
		};
/* End PBXResourcesBuildPhase section */

/* Begin PBXSourcesBuildPhase section */
		553366BF2204898800A67647 /* Sources */ = {
			isa = PBXSourcesBuildPhase;
			buildActionMask = 2147483647;
			files = (
				553366C62204898800A67647 /* SSDMobileNet_CoreMLTests.swift in Sources */,
			);
			runOnlyForDeploymentPostprocessing = 0;
		};
		554F1494220362AB00B828B0 /* Sources */ = {
			isa = PBXSourcesBuildPhase;
			buildActionMask = 2147483647;
			files = (
				3382EAB828C7A003002964AC /* Object3DVC.swift in Sources */,
				D842712828C831E800E27975 /* ListObjectCLTVC.swift in Sources */,
				33D622D628C9E50F00827378 /* Utilities.swift in Sources */,
				554F149E220362AB00B828B0 /* Detect2DVC.swift in Sources */,
				558918EF22089FFE00F182BA /* Measure.swift in Sources */,
				558918ED2208218800F182BA /* DrawingBoundingBoxView.swift in Sources */,
				553366CF220489DD00A67647 /* UIImage+CVPixelBuffer.swift in Sources */,
				554F14AE220362DA00B828B0 /* VideoCapture.swift in Sources */,
				33D622CE28C9E4F700827378 /* FocusSquareSegment.swift in Sources */,
				D842712428C831C100E27975 /* ObjectModel.swift in Sources */,
				3382EAB228C79FD0002964AC /* IntroVC.swift in Sources */,
				33D622CF28C9E4F700827378 /* FocusSquare.swift in Sources */,
				715E7E6C2235DC75008DBC6F /* MobileNetV2_SSDLite.mlmodel in Sources */,
				554F149C220362AB00B828B0 /* AppDelegate.swift in Sources */,
			);
			runOnlyForDeploymentPostprocessing = 0;
		};
/* End PBXSourcesBuildPhase section */

/* Begin PBXTargetDependency section */
		553366C92204898800A67647 /* PBXTargetDependency */ = {
			isa = PBXTargetDependency;
			target = 554F1497220362AB00B828B0 /* ObjectDetection-CoreML */;
			targetProxy = 553366C82204898800A67647 /* PBXContainerItemProxy */;
		};
/* End PBXTargetDependency section */

/* Begin PBXVariantGroup section */
		554F149F220362AB00B828B0 /* Main.storyboard */ = {
			isa = PBXVariantGroup;
			children = (
				554F14A0220362AB00B828B0 /* Base */,
			);
			name = Main.storyboard;
			sourceTree = "<group>";
		};
		554F14A4220362AC00B828B0 /* LaunchScreen.storyboard */ = {
			isa = PBXVariantGroup;
			children = (
				554F14A5220362AC00B828B0 /* Base */,
			);
			name = LaunchScreen.storyboard;
			sourceTree = "<group>";
		};
/* End PBXVariantGroup section */

/* Begin XCBuildConfiguration section */
		553366CB2204898800A67647 /* Debug */ = {
			isa = XCBuildConfiguration;
			buildSettings = {
				BUNDLE_LOADER = "$(TEST_HOST)";
				CODE_SIGN_STYLE = Automatic;
				DEVELOPMENT_TEAM = 5WXJ4Z4H69;
				INFOPLIST_FILE = "SSDMobileNet-CoreMLTests/Info.plist";
				LD_RUNPATH_SEARCH_PATHS = (
					"$(inherited)",
					"@executable_path/Frameworks",
					"@loader_path/Frameworks",
				);
				PRODUCT_BUNDLE_IDENTIFIER = "com.tucan9389.SSDMobileNet-CoreMLTests";
				PRODUCT_NAME = "$(TARGET_NAME)";
				SWIFT_VERSION = 4.2;
				TARGETED_DEVICE_FAMILY = "1,2";
				TEST_HOST = "$(BUILT_PRODUCTS_DIR)/ObjectDetection-CoreML.app/ObjectDetection-CoreML";
			};
			name = Debug;
		};
		553366CC2204898800A67647 /* Release */ = {
			isa = XCBuildConfiguration;
			buildSettings = {
				BUNDLE_LOADER = "$(TEST_HOST)";
				CODE_SIGN_STYLE = Automatic;
				DEVELOPMENT_TEAM = 5WXJ4Z4H69;
				INFOPLIST_FILE = "SSDMobileNet-CoreMLTests/Info.plist";
				LD_RUNPATH_SEARCH_PATHS = (
					"$(inherited)",
					"@executable_path/Frameworks",
					"@loader_path/Frameworks",
				);
				PRODUCT_BUNDLE_IDENTIFIER = "com.tucan9389.SSDMobileNet-CoreMLTests";
				PRODUCT_NAME = "$(TARGET_NAME)";
				SWIFT_VERSION = 4.2;
				TARGETED_DEVICE_FAMILY = "1,2";
				TEST_HOST = "$(BUILT_PRODUCTS_DIR)/ObjectDetection-CoreML.app/ObjectDetection-CoreML";
			};
			name = Release;
		};
		554F14A8220362AC00B828B0 /* Debug */ = {
			isa = XCBuildConfiguration;
			buildSettings = {
				ALWAYS_SEARCH_USER_PATHS = NO;
				CLANG_ANALYZER_NONNULL = YES;
				CLANG_ANALYZER_NUMBER_OBJECT_CONVERSION = YES_AGGRESSIVE;
				CLANG_CXX_LANGUAGE_STANDARD = "gnu++14";
				CLANG_CXX_LIBRARY = "libc++";
				CLANG_ENABLE_MODULES = YES;
				CLANG_ENABLE_OBJC_ARC = YES;
				CLANG_ENABLE_OBJC_WEAK = YES;
				CLANG_WARN_BLOCK_CAPTURE_AUTORELEASING = YES;
				CLANG_WARN_BOOL_CONVERSION = YES;
				CLANG_WARN_COMMA = YES;
				CLANG_WARN_CONSTANT_CONVERSION = YES;
				CLANG_WARN_DEPRECATED_OBJC_IMPLEMENTATIONS = YES;
				CLANG_WARN_DIRECT_OBJC_ISA_USAGE = YES_ERROR;
				CLANG_WARN_DOCUMENTATION_COMMENTS = YES;
				CLANG_WARN_EMPTY_BODY = YES;
				CLANG_WARN_ENUM_CONVERSION = YES;
				CLANG_WARN_INFINITE_RECURSION = YES;
				CLANG_WARN_INT_CONVERSION = YES;
				CLANG_WARN_NON_LITERAL_NULL_CONVERSION = YES;
				CLANG_WARN_OBJC_IMPLICIT_RETAIN_SELF = YES;
				CLANG_WARN_OBJC_LITERAL_CONVERSION = YES;
				CLANG_WARN_OBJC_ROOT_CLASS = YES_ERROR;
				CLANG_WARN_RANGE_LOOP_ANALYSIS = YES;
				CLANG_WARN_STRICT_PROTOTYPES = YES;
				CLANG_WARN_SUSPICIOUS_MOVE = YES;
				CLANG_WARN_UNGUARDED_AVAILABILITY = YES_AGGRESSIVE;
				CLANG_WARN_UNREACHABLE_CODE = YES;
				CLANG_WARN__DUPLICATE_METHOD_MATCH = YES;
				CODE_SIGN_IDENTITY = "iPhone Developer";
				COPY_PHASE_STRIP = NO;
				DEBUG_INFORMATION_FORMAT = dwarf;
				ENABLE_STRICT_OBJC_MSGSEND = YES;
				ENABLE_TESTABILITY = YES;
				GCC_C_LANGUAGE_STANDARD = gnu11;
				GCC_DYNAMIC_NO_PIC = NO;
				GCC_NO_COMMON_BLOCKS = YES;
				GCC_OPTIMIZATION_LEVEL = 0;
				GCC_PREPROCESSOR_DEFINITIONS = (
					"DEBUG=1",
					"$(inherited)",
				);
				GCC_WARN_64_TO_32_BIT_CONVERSION = YES;
				GCC_WARN_ABOUT_RETURN_TYPE = YES_ERROR;
				GCC_WARN_UNDECLARED_SELECTOR = YES;
				GCC_WARN_UNINITIALIZED_AUTOS = YES_AGGRESSIVE;
				GCC_WARN_UNUSED_FUNCTION = YES;
				GCC_WARN_UNUSED_VARIABLE = YES;
				IPHONEOS_DEPLOYMENT_TARGET = 12.1;
				MTL_ENABLE_DEBUG_INFO = INCLUDE_SOURCE;
				MTL_FAST_MATH = YES;
				ONLY_ACTIVE_ARCH = YES;
				SDKROOT = iphoneos;
				SWIFT_ACTIVE_COMPILATION_CONDITIONS = DEBUG;
				SWIFT_OPTIMIZATION_LEVEL = "-Onone";
			};
			name = Debug;
		};
		554F14A9220362AC00B828B0 /* Release */ = {
			isa = XCBuildConfiguration;
			buildSettings = {
				ALWAYS_SEARCH_USER_PATHS = NO;
				CLANG_ANALYZER_NONNULL = YES;
				CLANG_ANALYZER_NUMBER_OBJECT_CONVERSION = YES_AGGRESSIVE;
				CLANG_CXX_LANGUAGE_STANDARD = "gnu++14";
				CLANG_CXX_LIBRARY = "libc++";
				CLANG_ENABLE_MODULES = YES;
				CLANG_ENABLE_OBJC_ARC = YES;
				CLANG_ENABLE_OBJC_WEAK = YES;
				CLANG_WARN_BLOCK_CAPTURE_AUTORELEASING = YES;
				CLANG_WARN_BOOL_CONVERSION = YES;
				CLANG_WARN_COMMA = YES;
				CLANG_WARN_CONSTANT_CONVERSION = YES;
				CLANG_WARN_DEPRECATED_OBJC_IMPLEMENTATIONS = YES;
				CLANG_WARN_DIRECT_OBJC_ISA_USAGE = YES_ERROR;
				CLANG_WARN_DOCUMENTATION_COMMENTS = YES;
				CLANG_WARN_EMPTY_BODY = YES;
				CLANG_WARN_ENUM_CONVERSION = YES;
				CLANG_WARN_INFINITE_RECURSION = YES;
				CLANG_WARN_INT_CONVERSION = YES;
				CLANG_WARN_NON_LITERAL_NULL_CONVERSION = YES;
				CLANG_WARN_OBJC_IMPLICIT_RETAIN_SELF = YES;
				CLANG_WARN_OBJC_LITERAL_CONVERSION = YES;
				CLANG_WARN_OBJC_ROOT_CLASS = YES_ERROR;
				CLANG_WARN_RANGE_LOOP_ANALYSIS = YES;
				CLANG_WARN_STRICT_PROTOTYPES = YES;
				CLANG_WARN_SUSPICIOUS_MOVE = YES;
				CLANG_WARN_UNGUARDED_AVAILABILITY = YES_AGGRESSIVE;
				CLANG_WARN_UNREACHABLE_CODE = YES;
				CLANG_WARN__DUPLICATE_METHOD_MATCH = YES;
				CODE_SIGN_IDENTITY = "iPhone Developer";
				COPY_PHASE_STRIP = NO;
				DEBUG_INFORMATION_FORMAT = "dwarf-with-dsym";
				ENABLE_NS_ASSERTIONS = NO;
				ENABLE_STRICT_OBJC_MSGSEND = YES;
				GCC_C_LANGUAGE_STANDARD = gnu11;
				GCC_NO_COMMON_BLOCKS = YES;
				GCC_WARN_64_TO_32_BIT_CONVERSION = YES;
				GCC_WARN_ABOUT_RETURN_TYPE = YES_ERROR;
				GCC_WARN_UNDECLARED_SELECTOR = YES;
				GCC_WARN_UNINITIALIZED_AUTOS = YES_AGGRESSIVE;
				GCC_WARN_UNUSED_FUNCTION = YES;
				GCC_WARN_UNUSED_VARIABLE = YES;
				IPHONEOS_DEPLOYMENT_TARGET = 12.1;
				MTL_ENABLE_DEBUG_INFO = NO;
				MTL_FAST_MATH = YES;
				SDKROOT = iphoneos;
				SWIFT_COMPILATION_MODE = wholemodule;
				SWIFT_OPTIMIZATION_LEVEL = "-O";
				VALIDATE_PRODUCT = YES;
			};
			name = Release;
		};
		554F14AB220362AC00B828B0 /* Debug */ = {
			isa = XCBuildConfiguration;
			buildSettings = {
				ASSETCATALOG_COMPILER_APPICON_NAME = AppIcon;
				CODE_SIGN_STYLE = Automatic;
				DEVELOPMENT_TEAM = 4VYAT3G6F8;
				INFOPLIST_FILE = "ObjectDetection-CoreML/Info.plist";
				IPHONEOS_DEPLOYMENT_TARGET = 13.0;
				LD_RUNPATH_SEARCH_PATHS = (
					"$(inherited)",
					"@executable_path/Frameworks",
				);
				"OTHER_CODE_SIGN_FLAGS[sdk=*]" = "--generate-entitlement-der";
				PRODUCT_BUNDLE_IDENTIFIER = "khanhVu.ObjectDetection-CoreML";
				PRODUCT_NAME = "$(TARGET_NAME)";
				SWIFT_VERSION = 4.2;
				TARGETED_DEVICE_FAMILY = "1,2";
			};
			name = Debug;
		};
		554F14AC220362AC00B828B0 /* Release */ = {
			isa = XCBuildConfiguration;
			buildSettings = {
				ASSETCATALOG_COMPILER_APPICON_NAME = AppIcon;
				CODE_SIGN_STYLE = Automatic;
				DEVELOPMENT_TEAM = 4VYAT3G6F8;
				INFOPLIST_FILE = "ObjectDetection-CoreML/Info.plist";
				IPHONEOS_DEPLOYMENT_TARGET = 13.0;
				LD_RUNPATH_SEARCH_PATHS = (
					"$(inherited)",
					"@executable_path/Frameworks",
				);
				"OTHER_CODE_SIGN_FLAGS[sdk=*]" = "--generate-entitlement-der";
				PRODUCT_BUNDLE_IDENTIFIER = "khanhVu.ObjectDetection-CoreML";
				PRODUCT_NAME = "$(TARGET_NAME)";
				SWIFT_VERSION = 4.2;
				TARGETED_DEVICE_FAMILY = "1,2";
			};
			name = Release;
		};
/* End XCBuildConfiguration section */

/* Begin XCConfigurationList section */
		553366CA2204898800A67647 /* Build configuration list for PBXNativeTarget "ObjectDetection-CoreMLTests" */ = {
			isa = XCConfigurationList;
			buildConfigurations = (
				553366CB2204898800A67647 /* Debug */,
				553366CC2204898800A67647 /* Release */,
			);
			defaultConfigurationIsVisible = 0;
			defaultConfigurationName = Release;
		};
		554F1493220362AB00B828B0 /* Build configuration list for PBXProject "ObjectDetection-CoreML" */ = {
			isa = XCConfigurationList;
			buildConfigurations = (
				554F14A8220362AC00B828B0 /* Debug */,
				554F14A9220362AC00B828B0 /* Release */,
			);
			defaultConfigurationIsVisible = 0;
			defaultConfigurationName = Release;
		};
		554F14AA220362AC00B828B0 /* Build configuration list for PBXNativeTarget "ObjectDetection-CoreML" */ = {
			isa = XCConfigurationList;
			buildConfigurations = (
				554F14AB220362AC00B828B0 /* Debug */,
				554F14AC220362AC00B828B0 /* Release */,
			);
			defaultConfigurationIsVisible = 0;
			defaultConfigurationName = Release;
		};
/* End XCConfigurationList section */
	};
	rootObject = 554F1490220362AB00B828B0 /* Project object */;
}
